# THIS IS AN AUTOGENERATED FILE. DO NOT EDIT THIS FILE DIRECTLY.
# yarn lockfile v1


"@abp/aspnetcore.mvc.ui.theme.leptonxlite@~5.0.1":
  version "5.0.1"
  resolved "https://registry.npmmirror.com/@abp/aspnetcore.mvc.ui.theme.leptonxlite/-/aspnetcore.mvc.ui.theme.leptonxlite-5.0.1.tgz#da337d369e4fbce3e20cc29f664060cbcc4093e9"
  integrity sha512-N5FmoWeJnXQe4qJQlzxPKDKHaNN1N6I/CpT6w+7hNcuLE/cHd+HMuup2oismhc1MeVN13+idtt3p6/iH3MqeDQ==
  dependencies:
    "@abp/aspnetcore.mvc.ui.theme.shared" "~10.0.1"

"@abp/aspnetcore.mvc.ui.theme.shared@~10.0.1":
  version "10.0.1"
  resolved "https://registry.npmmirror.com/@abp/aspnetcore.mvc.ui.theme.shared/-/aspnetcore.mvc.ui.theme.shared-10.0.1.tgz#3c525bbc0da2b4e603b609289af623a030953f6d"
  integrity sha512-euCjtPG2AjZ9AFbRQNh9649f40rQRfq58ZLvjUCfCvotbe7Fl+FaZgyIukpxXqKgd14NtCd2xPbvRM6/3Wj6IQ==
  dependencies:
    "@abp/aspnetcore.mvc.ui" "~10.0.1"
    "@abp/bootstrap" "~10.0.1"
    "@abp/bootstrap-datepicker" "~10.0.1"
    "@abp/bootstrap-daterangepicker" "~10.0.1"
    "@abp/datatables.net-bs5" "~10.0.1"
    "@abp/font-awesome" "~10.0.1"
    "@abp/jquery-form" "~10.0.1"
    "@abp/jquery-validation-unobtrusive" "~10.0.1"
    "@abp/lodash" "~10.0.1"
    "@abp/luxon" "~10.0.1"
    "@abp/malihu-custom-scrollbar-plugin" "~10.0.1"
    "@abp/moment" "~10.0.1"
    "@abp/select2" "~10.0.1"
    "@abp/sweetalert2" "~10.0.1"
    "@abp/timeago" "~10.0.1"

"@abp/aspnetcore.mvc.ui@~10.0.1":
  version "10.0.1"
  resolved "https://registry.npmmirror.com/@abp/aspnetcore.mvc.ui/-/aspnetcore.mvc.ui-10.0.1.tgz#b004dc6313b9320b05f465eeb9e74877766ea0f0"
  integrity sha512-IEiLfdpDwtrGek/z7iBlgKlZdCvgaL2q9/GGLySrLknnVtv/qONzYburveZsKw8LT7PbZWRQRBh2n7v6TT7M9w==
  dependencies:
    ansi-colors "^4.1.3"

"@abp/bootstrap-datepicker@~10.0.1":
  version "10.0.1"
  resolved "https://registry.npmmirror.com/@abp/bootstrap-datepicker/-/bootstrap-datepicker-10.0.1.tgz#5d58e5039e39d84b179a0c343d616ab0fc7c38d4"
  integrity sha512-hwpSDUTM/A/Rn+3Hjjt3xG7QdhmFruM7fGEEU8kd7Qowimx2XVNIM5Ua5obt5bGTyBmsaAx4HnurjJJn1oh4ng==
  dependencies:
    bootstrap-datepicker "^1.10.1"

"@abp/bootstrap-daterangepicker@~10.0.1":
  version "10.0.1"
  resolved "https://registry.npmmirror.com/@abp/bootstrap-daterangepicker/-/bootstrap-daterangepicker-10.0.1.tgz#8ff88aed898e46c36a3e9601a791cb0fa1134f28"
  integrity sha512-a1hhaSk+SffutUI0CxUgAG6Zmx/Y4L7i1LEsQff4OEq0j8ipaHT+5UHMXf2DbCMo7yoZh2yUXQAATO0A/O2V+A==
  dependencies:
    bootstrap-daterangepicker "^3.1.0"

"@abp/bootstrap@~10.0.1":
  version "10.0.1"
  resolved "https://registry.npmmirror.com/@abp/bootstrap/-/bootstrap-10.0.1.tgz#cb857f21814097522fbd7e5c1a36cb22182e9f3e"
  integrity sha512-AK/8ykw4SYjLgFgJE1zb2Mevn6ypqXqETbndN887JSny1QRrLUBVOKy6g+pnPUqI45/4wPfas7H9WgjFINiK2g==
  dependencies:
    "@abp/core" "~10.0.1"
    bootstrap "^5.3.8"

"@abp/core@~10.0.1":
  version "10.0.1"
  resolved "https://registry.npmmirror.com/@abp/core/-/core-10.0.1.tgz#c96563310d28137b0ac24efff74a969fa13aa7bb"
  integrity sha512-mc/Wve/fl/B3cLqQ18IXO0lw1QCi3kCbi8PxRoLowD8NZEguezNglFjNqdvHNvBaWpZpMgJc2U+B15giB0946w==
  dependencies:
    "@abp/utils" "~10.0.1"

"@abp/core@~5.0.2":
  version "5.0.2"
  resolved "https://registry.npmmirror.com/@abp/core/-/core-5.0.2.tgz#c9efd4dd3da1fcd7cf471ef9cc98cb4e59049217"
  integrity sha512-SCo5UrJ9hRr10IlZWXUAnTEx8+HxhBPV5ixLhUMCxg7D3htzllmFMIvsdz5mgEmytrarbUiIDfwLEwY9PPCvBg==
  dependencies:
    "@abp/utils" "~5.0.2"

"@abp/datatables.net-bs5@~10.0.1":
  version "10.0.1"
  resolved "https://registry.npmmirror.com/@abp/datatables.net-bs5/-/datatables.net-bs5-10.0.1.tgz#1b33c14e9dabd0b29cc4d6f05120607a14313d55"
  integrity sha512-0ww7HZ9m/OZWRQ2/9gNNgd59FpfvWSdw21onCBgJ7eaLd6KQeeFqbXm4eYjHoLgyRwk8c6u/F9ciir3EeTivhw==
  dependencies:
    "@abp/datatables.net" "~10.0.1"
    datatables.net-bs5 "^2.3.4"

"@abp/datatables.net@~10.0.1":
  version "10.0.1"
  resolved "https://registry.npmmirror.com/@abp/datatables.net/-/datatables.net-10.0.1.tgz#ed45edcb4ee6832f38d4f1a56b5c0e1b126e8b82"
  integrity sha512-DR53PGhHbW0ZdzeT7PWvBSfZrSyF2eWo1zAzCXsG+MsVRIiNzUNjipeq1igmd0PtXi2FHb76xS2utgAfgZEZ1A==
  dependencies:
    "@abp/jquery" "~10.0.1"
    datatables.net "^2.3.4"

"@abp/font-awesome@~10.0.1":
  version "10.0.1"
  resolved "https://registry.npmmirror.com/@abp/font-awesome/-/font-awesome-10.0.1.tgz#8c75feda6e394143f7e1cbe1ac8fc12b275bafed"
  integrity sha512-2DDjc+EJcHDPUm/LHzbVjVMmChIaiEqMasKQ7qhxDq6yL102wMibPz0JR6Q9EYmYWro+Blf3Q0/0ECYLa8BgnQ==
  dependencies:
    "@abp/core" "~10.0.1"
    "@fortawesome/fontawesome-free" "^7.0.1"

"@abp/jquery-form@~10.0.1":
  version "10.0.1"
  resolved "https://registry.npmmirror.com/@abp/jquery-form/-/jquery-form-10.0.1.tgz#e19c89863e2175a5e5db638ab95f648d2ee18ab3"
  integrity sha512-nVZwEv0VeIP+xQZk7bz8S2RbKhkOUTKSf6mkdkLlna+8TNW0Ry8tBns79n/I0wYUh5007hxQbqb3L5TG4kq4+Q==
  dependencies:
    "@abp/jquery" "~10.0.1"
    jquery-form "^4.3.0"

"@abp/jquery-validation-unobtrusive@~10.0.1":
  version "10.0.1"
  resolved "https://registry.npmmirror.com/@abp/jquery-validation-unobtrusive/-/jquery-validation-unobtrusive-10.0.1.tgz#35d43938c05ed3f6aab67bfd574c82f5e83a277f"
  integrity sha512-jch+haMxPqMcN7CrFoEnULXHSdP43E+CdwDkCYJnTjEydISMyr2CwW4cIA/ab4kjNXs1DloW+r8+unRnOzClWQ==
  dependencies:
    "@abp/jquery-validation" "~10.0.1"
    jquery-validation-unobtrusive "^4.0.0"

"@abp/jquery-validation@~10.0.1":
  version "10.0.1"
  resolved "https://registry.npmmirror.com/@abp/jquery-validation/-/jquery-validation-10.0.1.tgz#20c4c313d9ec73b4dc242729ab3250f747b76b66"
  integrity sha512-cUGUCOuwKc1TR1R8GHpjN9HokWK6p6ElM4sN/J3yY/Nef9wKn4zY98Q3hmFLsCDeV+9Sjex1xcqNjqU3ZOiZSg==
  dependencies:
    "@abp/jquery" "~10.0.1"
    jquery-validation "^1.21.0"

"@abp/jquery@~10.0.1":
  version "10.0.1"
  resolved "https://registry.npmmirror.com/@abp/jquery/-/jquery-10.0.1.tgz#fc6fb5fed08e6ab113e0096cd6c00ad10461fef4"
  integrity sha512-hIQkMc9ouQz4QKaEJSVzZqQMyWdF7tmzZ8WlVN6EeWEDUKPLyuibhwTvTEO6u+17ZP7GhlldONHsRwTdc0zlJA==
  dependencies:
    "@abp/core" "~10.0.1"
    jquery "~3.7.1"

"@abp/lodash@~10.0.1":
  version "10.0.1"
  resolved "https://registry.npmmirror.com/@abp/lodash/-/lodash-10.0.1.tgz#41df6cc6d375ea1e6a5a27745b68b0964bcbc295"
  integrity sha512-15uv5kNtXBb+3hm7Qorh95mLhSIJkIbGa2bp3Tyw4jEdXTFPsb1v5FCC2m7LEaEUNuNgzXFJGT818Xi58AI0Rw==
  dependencies:
    "@abp/core" "~10.0.1"
    lodash "^4.17.21"

"@abp/luxon@~10.0.1":
  version "10.0.1"
  resolved "https://registry.npmmirror.com/@abp/luxon/-/luxon-10.0.1.tgz#97c920867775def2bb1628b47507e45388179e40"
  integrity sha512-LL/J4oyA+o9res57cq/+qsilTvo7ikxtCdpxGSIEjkvNTmYzcChv1ixmDMvqqMvJFELJ9R+1V7NeZhXBAiR6Lw==
  dependencies:
    "@abp/core" "~10.0.1"
    luxon "^3.7.2"

"@abp/malihu-custom-scrollbar-plugin@~10.0.1":
  version "10.0.1"
  resolved "https://registry.npmmirror.com/@abp/malihu-custom-scrollbar-plugin/-/malihu-custom-scrollbar-plugin-10.0.1.tgz#53dc824537110f155d00c46b1ffe7c6eff060040"
  integrity sha512-S4zKvlTMvhkFCBhakql1bLB/lHlRjPy8An0KB2pBKvxfIvzUQn8YmiBSK51Hq/Hf6ZnnSJkNr35cb9TcHUwkNA==
  dependencies:
    "@abp/core" "~10.0.1"
    malihu-custom-scrollbar-plugin "^3.1.5"

"@abp/moment@~10.0.1":
  version "10.0.1"
  resolved "https://registry.npmmirror.com/@abp/moment/-/moment-10.0.1.tgz#dce2c26602ac9c77ea0209e6a3727a7e9f04f4c4"
  integrity sha512-fRrMLQhYzOSATSM4hWdr7Y5ggbMd23ffivpDB4O2BDYUXTcfiWyVVKDd+5uLZi+znkWz29bNN4WswileuHvaGw==
  dependencies:
    moment "^2.30.1"

"@abp/select2@~10.0.1":
  version "10.0.1"
  resolved "https://registry.npmmirror.com/@abp/select2/-/select2-10.0.1.tgz#df92daf67f46aa2fc884ef84f9da68b1fb8e63d7"
  integrity sha512-VQxYH0Uqa7EN+F6XBkDMz3yy8yTM6xcZ6593WtZupl9UbiHToGElsem3ibnZueoyMHcd3ByYw968uvJX7zudNw==
  dependencies:
    "@abp/core" "~10.0.1"
    select2 "^4.0.13"

"@abp/signalr@~5.0.1":
  version "5.0.2"
  resolved "https://registry.npmmirror.com/@abp/signalr/-/signalr-5.0.2.tgz#da1120c54a5ff22d349d8a9e774dda3457ecb7f6"
  integrity sha512-jK0yVR5YDUTXRIWh6aYm5Okd49BwmEU6w/WzFIldk8zBOjBcqTZ8uKUIGOvTLgszKYr1GNk89k+md3wc83YoFg==
  dependencies:
    "@abp/core" "~5.0.2"
    "@microsoft/signalr" "~3.1.5"

"@abp/sweetalert2@~10.0.1":
  version "10.0.1"
  resolved "https://registry.npmmirror.com/@abp/sweetalert2/-/sweetalert2-10.0.1.tgz#a26874fd51ddffeba60f4506eb1a5c914ae3efae"
  integrity sha512-4USaGSA5+7O6D+5a4YhluYPKUyOAassUUuKJATP8IqLRtpkh16P4tJ/7+QWvnFDIgJLURpbjmOiN2xhVzhpxvw==
  dependencies:
    "@abp/core" "~10.0.1"
    sweetalert2 "^11.23.0"

"@abp/timeago@~10.0.1":
  version "10.0.1"
  resolved "https://registry.npmmirror.com/@abp/timeago/-/timeago-10.0.1.tgz#6bc36ab7dd3deea114ff1d68dbda908202837cf6"
  integrity sha512-Wd2KY8B95ycsRDn5ouY3l3U+niBMEd+XCgZs6CoaMtiQ1AxkT7/iPqNCMJMKjeIjBQ/A1CSmKL7MI+BGw1bxBA==
  dependencies:
    "@abp/jquery" "~10.0.1"
    timeago "^1.6.7"

"@abp/utils@~10.0.1":
  version "10.0.1"
  resolved "https://registry.npmmirror.com/@abp/utils/-/utils-10.0.1.tgz#0db8713481cb781c3c4d07a150b7f45a65466b50"
  integrity sha512-YGXgco/qYSxGaQfNTHDIMU1MyEuVDe3FayIZWPW5+p+elwp4DPFD4rvD+6ZLM0Jr30k5UdKT4IFAsw7wduQWrw==
  dependencies:
    just-compare "^2.3.0"

"@abp/utils@~5.0.2":
  version "5.0.10"
  resolved "https://registry.npmmirror.com/@abp/utils/-/utils-5.0.10.tgz#7b82eba81dfa43ecbda0cc13c821cb57028224d9"
  integrity sha512-gqZNX6ybVMFZ4FQICGtF0KRMw/2fHbZLWLQO5cycutxeczWS8Z+uOjY3MB5qdWIQCbW6PjtBeKVynlH7P5TTqA==
  dependencies:
    just-compare "^1.3.0"

"@fortawesome/fontawesome-free@^7.0.1":
  version "7.1.0"
  resolved "https://registry.npmmirror.com/@fortawesome/fontawesome-free/-/fontawesome-free-7.1.0.tgz#8eb76278515341720aa74485266f8be121089529"
  integrity sha512-+WxNld5ZCJHvPQCr/GnzCTVREyStrAJjisUPtUxG5ngDA8TMlPnKp6dddlTpai4+1GNmltAeuk1hJEkBohwZYA==

"@microsoft/signalr@~3.1.5":
  version "3.1.31"
  resolved "https://registry.npmmirror.com/@microsoft/signalr/-/signalr-3.1.31.tgz#b4a4ae692b94036a82065f86db77a7ed83f4e4c9"
  integrity sha512-tYtnoHpou9b3VaAN6w0upjJiHTFs3wt2kuAO7JaBwJdoP/OuyAJQ73WEZ58H7c2p4zRjqmF3cbTmk1bp6sRgRA==
  dependencies:
    eventsource "^1.0.7"
    request "^2.88.0"
    ws "^6.0.0"

ajv@^6.12.3:
  version "6.14.0"
  resolved "https://registry.npmmirror.com/ajv/-/ajv-6.14.0.tgz#fd067713e228210636ebb08c60bd3765d6dbe73a"
  integrity sha512-IWrosm/yrn43eiKqkfkHis7QioDleaXQHdDVPKg0FSwwd/DuvyX79TZnFOnYpB7dcsFAMmtFztZuXPDvSePkFw==
  dependencies:
    fast-deep-equal "^3.1.1"
    fast-json-stable-stringify "^2.0.0"
    json-schema-traverse "^0.4.1"
    uri-js "^4.2.2"

ansi-colors@^4.1.3:
  version "4.1.3"
  resolved "https://registry.npmmirror.com/ansi-colors/-/ansi-colors-4.1.3.tgz#37611340eb2243e70cc604cad35d63270d48781b"
  integrity sha512-/6w/C21Pm1A7aZitlI5Ni/2J6FFQN8i1Cvz3kHABAAbw93v/NlvKdVOqz7CCWz/3iv/JplRSEEZ83XION15ovw==

asn1@~0.2.3:
  version "0.2.6"
  resolved "https://registry.npmmirror.com/asn1/-/asn1-0.2.6.tgz#0d3a7bb6e64e02a90c0303b31f292868ea09a08d"
  integrity sha512-ix/FxPn0MDjeyJ7i/yoHGFt/EX6LyNbxSEhPPXODPL+KB0VPk86UYfL0lMdy+KCnv+fmvIzySwaK5COwqVbWTQ==
  dependencies:
    safer-buffer "~2.1.0"

assert-plus@1.0.0, assert-plus@^1.0.0:
  version "1.0.0"
  resolved "https://registry.npmmirror.com/assert-plus/-/assert-plus-1.0.0.tgz#f12e0f3c5d77b0b1cdd9146942e4e96c1e4dd525"
  integrity sha512-NfJ4UzBCcQGLDlQq7nHxH+tv3kyZ0hHQqF5BO6J7tNJeP5do1llPr8dZ8zHonfhAu0PHAdMkSo+8o0wxg9lZWw==

async-limiter@~1.0.0:
  version "1.0.1"
  resolved "https://registry.npmmirror.com/async-limiter/-/async-limiter-1.0.1.tgz#dd379e94f0db8310b08291f9d64c3209766617fd"
  integrity sha512-csOlWGAcRFJaI6m+F2WKdnMKr4HhdhFVBk0H/QbJFMCr+uO2kwohwXQPxw/9OCxp05r5ghVBFSyioixx3gfkNQ==

asynckit@^0.4.0:
  version "0.4.0"
  resolved "https://registry.npmmirror.com/asynckit/-/asynckit-0.4.0.tgz#c79ed97f7f34cb8f2ba1bc9790bcc366474b4b79"
  integrity sha512-Oei9OH4tRh0YqU3GxhX79dM/mwVgvbZJaSNaRk+bshkj0S5cfHcgYakreBjrHwatXKbz+IoIdYLxrKim2MjW0Q==

aws-sign2@~0.7.0:
  version "0.7.0"
  resolved "https://registry.npmmirror.com/aws-sign2/-/aws-sign2-0.7.0.tgz#b46e890934a9591f2d2f6f86d7e6a9f1b3fe76a8"
  integrity sha512-08kcGqnYf/YmjoRhfxyu+CLxBjUtHLXLXX/vUfx9l2LYzG3c1m61nrpyFUZI6zeS+Li/wWMMidD9KgrqtGq3mA==

aws4@^1.8.0:
  version "1.13.2"
  resolved "https://registry.npmmirror.com/aws4/-/aws4-1.13.2.tgz#0aa167216965ac9474ccfa83892cfb6b3e1e52ef"
  integrity sha512-lHe62zvbTB5eEABUVi/AwVh0ZKY9rMMDhmm+eeyuuUQbQ3+J+fONVQOZyj+DdrvD4BY33uYniyRJ4UJIaSKAfw==

bcrypt-pbkdf@^1.0.0:
  version "1.0.2"
  resolved "https://registry.npmmirror.com/bcrypt-pbkdf/-/bcrypt-pbkdf-1.0.2.tgz#a4301d389b6a43f9b67ff3ca11a3f6637e360e9e"
  integrity sha512-qeFIXtP4MSoi6NLqO12WfqARWWuCKi2Rn/9hJLEmtB5yTNr9DqFWkJRCf2qShWzPeAMRnOgCrq0sg/KLv5ES9w==
  dependencies:
    tweetnacl "^0.14.3"

bootstrap-datepicker@^1.10.1:
  version "1.10.1"
  resolved "https://registry.npmmirror.com/bootstrap-datepicker/-/bootstrap-datepicker-1.10.1.tgz#0a8bec42957ea1ce1272b91bcf2b53696629fb86"
  integrity sha512-GIe+fsLp9Hi30oW7L2v2Q9/a4+aojrIA2p4ZagtLuKw2lpfQgjJjM0L6vl/lYQydGXWUbpoKbEC/O5tzWIkEKQ==
  dependencies:
    jquery ">=3.4.0 <4.0.0"

bootstrap-daterangepicker@^3.1.0:
  version "3.1.0"
  resolved "https://registry.npmmirror.com/bootstrap-daterangepicker/-/bootstrap-daterangepicker-3.1.0.tgz#632e6fb2de4b6360c5c0a9d5f6adb9aace051fe8"
  integrity sha512-oaQZx6ZBDo/dZNyXGVi2rx5GmFXThyQLAxdtIqjtLlYVaQUfQALl5JZMJJZzyDIX7blfy4ppZPAJ10g8Ma4d/g==
  dependencies:
    jquery ">=1.10"
    moment "^2.9.0"

bootstrap@^5.3.8:
  version "5.3.8"
  resolved "https://registry.npmmirror.com/bootstrap/-/bootstrap-5.3.8.tgz#6401a10057a22752d21f4e19055508980656aeed"
  integrity sha512-HP1SZDqaLDPwsNiqRqi5NcP0SSXciX2s9E+RyqJIIqGo+vJeN5AJVM98CXmW/Wux0nQ5L7jeWUdplCEf0Ee+tg==

caseless@~0.12.0:
  version "0.12.0"
  resolved "https://registry.npmmirror.com/caseless/-/caseless-0.12.0.tgz#1b681c21ff84033c826543090689420d187151dc"
  integrity sha512-4tYFyifaFfGacoiObjJegolkwSU4xQNGbVgUiNYVUxbQ2x2lUsFvY4hVgVzGiIe6WLOPqycWXA40l+PWsxthUw==

combined-stream@^1.0.6, combined-stream@~1.0.6:
  version "1.0.8"
  resolved "https://registry.npmmirror.com/combined-stream/-/combined-stream-1.0.8.tgz#c3d45a8b34fd730631a110a8a2520682b31d5a7f"
  integrity sha512-FQN4MRfuJeHf7cBbBMJFXhKSDq+2kAArBlmRBvcvFE5BB1HZKXtSFASDhdlz9zOYwxh8lDdnvmMOe/+5cdoEdg==
  dependencies:
    delayed-stream "~1.0.0"

core-util-is@1.0.2:
  version "1.0.2"
  resolved "https://registry.npmmirror.com/core-util-is/-/core-util-is-1.0.2.tgz#b5fd54220aa2bc5ab57aab7140c940754503c1a7"
  integrity sha512-3lqz5YjWTYnW6dlDa5TLaTCcShfar1e40rmcJVwCBJC6mWlFuj0eCHIElmG1g5kyuJ/GD+8Wn4FFCcz4gJPfaQ==

dashdash@^1.12.0:
  version "1.14.1"
  resolved "https://registry.npmmirror.com/dashdash/-/dashdash-1.14.1.tgz#853cfa0f7cbe2fed5de20326b8dd581035f6e2f0"
  integrity sha512-jRFi8UDGo6j+odZiEpjazZaWqEal3w/basFjQHQEwVtZJGDpxbH1MeYluwCS8Xq5wmLJooDlMgvVarmWfGM44g==
  dependencies:
    assert-plus "^1.0.0"

datatables.net-bs5@^2.3.4:
  version "2.3.5"
  resolved "https://registry.npmmirror.com/datatables.net-bs5/-/datatables.net-bs5-2.3.5.tgz#96f76dce12b1554664b06bd85f6b3be8d6da509f"
  integrity sha512-2JA2WZz1tBxdVpYAspiqI8POdqEoAZZzqp7tISKaof2P5ufBJb+OLaahxwuB0sF9qcQh1azlU+JH1zsLBXVwXg==
  dependencies:
    datatables.net "2.3.5"
    jquery ">=1.7"

datatables.net@2.3.5, datatables.net@^2.3.4:
  version "2.3.5"
  resolved "https://registry.npmmirror.com/datatables.net/-/datatables.net-2.3.5.tgz#a35cc1209edb7525ea68ebc3e7d3af6e3f30a758"
  integrity sha512-Qrwc+vuw8GHo42u1usWTuriNAMW0VvLPSW3j8g3GxvatiD8wS/ZGW32VAYLLfmF4Hz0C/fo2KB3xZBfcpqqVTQ==
  dependencies:
    jquery ">=1.7"

delayed-stream@~1.0.0:
  version "1.0.0"
  resolved "https://registry.npmmirror.com/delayed-stream/-/delayed-stream-1.0.0.tgz#df3ae199acadfb7d440aaae0b29e2272b24ec619"
  integrity sha512-ZySD7Nf91aLB0RxL4KGrKHBXl7Eds1DAmEdcoVawXnLD7SDhpNgtuII2aAkg7a7QS41jxPSZ17p4VdGnMHk3MQ==

ecc-jsbn@~0.1.1:
  version "0.1.2"
  resolved "https://registry.npmmirror.com/ecc-jsbn/-/ecc-jsbn-0.1.2.tgz#3a83a904e54353287874c564b7549386849a98c9"
  integrity sha512-eh9O+hwRHNbG4BLTjEl3nw044CkGm5X6LoaCf7LPp7UU8Qrt47JYNi6nPX8xjW97TKGKm1ouctg0QSpZe9qrnw==
  dependencies:
    jsbn "~0.1.0"
    safer-buffer "^2.1.0"

eventsource@^1.0.7:
  version "1.1.2"
  resolved "https://registry.npmmirror.com/eventsource/-/eventsource-1.1.2.tgz#bc75ae1c60209e7cb1541231980460343eaea7c2"
  integrity sha512-xAH3zWhgO2/3KIniEKYPr8plNSzlGINOUqYj0m0u7AB81iRw8b/3E73W6AuU+6klLbaSFmZnaETQ2lXPfAydrA==

extend@~3.0.2:
  version "3.0.2"
  resolved "https://registry.npmmirror.com/extend/-/extend-3.0.2.tgz#f8b1136b4071fbd8eb140aff858b1019ec2915fa"
  integrity sha512-fjquC59cD7CyW6urNXK0FBufkZcoiGG80wTuPujX590cB5Ttln20E2UB4S/WARVqhXffZl2LNgS+gQdPIIim/g==

extsprintf@1.3.0:
  version "1.3.0"
  resolved "https://registry.npmmirror.com/extsprintf/-/extsprintf-1.3.0.tgz#96918440e3041a7a414f8c52e3c574eb3c3e1e05"
  integrity sha512-11Ndz7Nv+mvAC1j0ktTa7fAb0vLyGGX+rMHNBYQviQDGU0Hw7lhctJANqbPhu9nV9/izT/IntTgZ7Im/9LJs9g==

extsprintf@^1.2.0:
  version "1.4.1"
  resolved "https://registry.npmmirror.com/extsprintf/-/extsprintf-1.4.1.tgz#8d172c064867f235c0c84a596806d279bf4bcc07"
  integrity sha512-Wrk35e8ydCKDj/ArClo1VrPVmN8zph5V4AtHwIuHhvMXsKf73UT3BOD+azBIW+3wOJ4FhEH7zyaJCFvChjYvMA==

fast-deep-equal@^3.1.1:
  version "3.1.3"
  resolved "https://registry.npmmirror.com/fast-deep-equal/-/fast-deep-equal-3.1.3.tgz#3a7d56b559d6cbc3eb512325244e619a65c6c525"
  integrity sha512-f3qQ9oQy9j2AhBe/H9VC91wLmKBCCU/gDOnKNAYG5hswO7BLKj09Hc5HYNz9cGI++xlpDCIgDaitVs03ATR84Q==

fast-json-stable-stringify@^2.0.0:
  version "2.1.0"
  resolved "https://registry.npmmirror.com/fast-json-stable-stringify/-/fast-json-stable-stringify-2.1.0.tgz#874bf69c6f404c2b5d99c481341399fd55892633"
  integrity sha512-lhd/wF+Lk98HZoTCtlVraHtfh5XYijIjalXck7saUtuanSDyLMxnHhSXEDJqHxD7msR8D0uCmqlkwjCV8xvwHw==

forever-agent@~0.6.1:
  version "0.6.1"
  resolved "https://registry.npmmirror.com/forever-agent/-/forever-agent-0.6.1.tgz#fbc71f0c41adeb37f96c577ad1ed42d8fdacca91"
  integrity sha512-j0KLYPhm6zeac4lz3oJ3o65qvgQCcPubiyotZrXqEaG4hNagNYO8qdlUrX5vwqv9ohqeT/Z3j6+yW067yWWdUw==

form-data@~2.3.2:
  version "2.3.3"
  resolved "https://registry.npmmirror.com/form-data/-/form-data-2.3.3.tgz#dcce52c05f644f298c6a7ab936bd724ceffbf3a6"
  integrity sha512-1lLKB2Mu3aGP1Q/2eCOx0fNbRMe7XdwktwOruhfqqd0rIJWwN4Dh+E3hrPSlDCXnSR7UtZ1N38rVXm+6+MEhJQ==
  dependencies:
    asynckit "^0.4.0"
    combined-stream "^1.0.6"
    mime-types "^2.1.12"

getpass@^0.1.1:
  version "0.1.7"
  resolved "https://registry.npmmirror.com/getpass/-/getpass-0.1.7.tgz#5eff8e3e684d569ae4cb2b1282604e8ba62149fa"
  integrity sha512-0fzj9JxOLfJ+XGLhR8ze3unN0KZCgZwiSSDz168VERjK8Wl8kVSdcu2kspd4s4wtAa1y/qrVRiAA0WclVsu0ng==
  dependencies:
    assert-plus "^1.0.0"

har-schema@^2.0.0:
  version "2.0.0"
  resolved "https://registry.npmmirror.com/har-schema/-/har-schema-2.0.0.tgz#a94c2224ebcac04782a0d9035521f24735b7ec92"
  integrity sha512-Oqluz6zhGX8cyRaTQlFMPw80bSJVG2x/cFb8ZPhUILGgHka9SsokCCOQgpveePerqidZOrT14ipqfJb7ILcW5Q==

har-validator@~5.1.3:
  version "5.1.5"
  resolved "https://registry.npmmirror.com/har-validator/-/har-validator-5.1.5.tgz#1f0803b9f8cb20c0fa13822df1ecddb36bde1efd"
  integrity sha512-nmT2T0lljbxdQZfspsno9hgrG3Uir6Ks5afism62poxqBM6sDnMEuPmzTq8XN0OEwqKLLdh1jQI3qyE66Nzb3w==
  dependencies:
    ajv "^6.12.3"
    har-schema "^2.0.0"

http-signature@~1.2.0:
  version "1.2.0"
  resolved "https://registry.npmmirror.com/http-signature/-/http-signature-1.2.0.tgz#9aecd925114772f3d95b65a60abb8f7c18fbace1"
  integrity sha512-CAbnr6Rz4CYQkLYUtSNXxQPUH2gK8f3iWexVlsnMeD+GjlsQ0Xsy1cOX+mN3dtxYomRy21CiOzU8Uhw6OwncEQ==
  dependencies:
    assert-plus "^1.0.0"
    jsprim "^1.2.2"
    sshpk "^1.7.0"

is-typedarray@~1.0.0:
  version "1.0.0"
  resolved "https://registry.npmmirror.com/is-typedarray/-/is-typedarray-1.0.0.tgz#e479c80858df0c1b11ddda6940f96011fcda4a9a"
  integrity sha512-cyA56iCMHAh5CdzjJIa4aohJyeO1YbwLi3Jc35MmRU6poroFjIGZzUzupGiRPOjgHg9TLu43xbpwXk523fMxKA==

isstream@~0.1.2:
  version "0.1.2"
  resolved "https://registry.npmmirror.com/isstream/-/isstream-0.1.2.tgz#47e63f7af55afa6f92e1500e690eb8b8529c099a"
  integrity sha512-Yljz7ffyPbrLpLngrMtZ7NduUgVvi6wG9RJ9IUcyCd59YQ911PBJphODUcbOVbqYfxe1wuYf/LJ8PauMRwsM/g==

jquery-form@^4.3.0:
  version "4.3.0"
  resolved "https://registry.npmmirror.com/jquery-form/-/jquery-form-4.3.0.tgz#7d3961c314a1f2d15298f4af1d3943f54f4149c6"
  integrity sha512-q3uaVCEWdLOYUCI6dpNdwf/7cJFOsUgdpq6r0taxtGQ5NJSkOzofyWm4jpOuJ5YxdmL1FI5QR+q+HB63HHLGnQ==
  dependencies:
    jquery ">=1.7.2"

jquery-mousewheel@>=3.0.6:
  version "3.1.13"
  resolved "https://registry.npmmirror.com/jquery-mousewheel/-/jquery-mousewheel-3.1.13.tgz#06f0335f16e353a695e7206bf50503cb523a6ee5"
  integrity sha512-GXhSjfOPyDemM005YCEHvzrEALhKDIswtxSHSR2e4K/suHVJKJxxRCGz3skPjNxjJjQa9AVSGGlYjv1M3VLIPg==

jquery-validation-unobtrusive@^4.0.0:
  version "4.0.0"
  resolved "https://registry.npmmirror.com/jquery-validation-unobtrusive/-/jquery-validation-unobtrusive-4.0.0.tgz#dfcf25a558496a2c883db6021d10f5398d15f99d"
  integrity sha512-1ervYFFv6LX/rp7ktuLnMakHNG0piNRDyROI8Ir3hL1vPIwylAehB1AY3BPrYJnzW3WmwWryZq+Bz4sazZK9iQ==
  dependencies:
    jquery "^3.6.0"
    jquery-validation ">=1.19"

jquery-validation@>=1.19, jquery-validation@^1.21.0:
  version "1.21.0"
  resolved "https://registry.npmmirror.com/jquery-validation/-/jquery-validation-1.21.0.tgz#78fc05ab76020912a246af3661b3f54a438bca93"
  integrity sha512-xNot0rlUIgu7duMcQ5qb6MGkGL/Z1PQaRJQoZAURW9+a/2PGOUxY36o/WyNeP2T9R6jvWB8Z9lUVvvQWI/Zs5w==

jquery@>=1.10:
  version "3.6.3"
  resolved "https://registry.npmmirror.com/jquery/-/jquery-3.6.3.tgz#23ed2ffed8a19e048814f13391a19afcdba160e6"
  integrity sha512-bZ5Sy3YzKo9Fyc8wH2iIQK4JImJ6R0GWI9kL1/k7Z91ZBNgkRXE6U0JfHIizZbort8ZunhSI3jw9I6253ahKfg==

"jquery@>=1.5.0 <4.0", jquery@>=1.7, jquery@>=1.7.2:
  version "3.6.1"
  resolved "https://registry.npmmirror.com/jquery/-/jquery-3.6.1.tgz#fab0408f8b45fc19f956205773b62b292c147a16"
  integrity sha512-opJeO4nCucVnsjiXOE+/PcCgYw9Gwpvs/a6B1LL/lQhwWwpbVEVYDZ1FokFr8PRc7ghYlrFPuyHuiiDNTQxmcw==

"jquery@>=3.4.0 <4.0.0", jquery@^3.6.0, jquery@~3.7.1:
  version "3.7.1"
  resolved "https://registry.npmmirror.com/jquery/-/jquery-3.7.1.tgz#083ef98927c9a6a74d05a6af02806566d16274de"
  integrity sha512-m4avr8yL8kmFN8psrbFFFmB/If14iN5o9nw/NgnnM+kybDJpRsAynV2BsfpTYrTRysYUdADVD7CkUUizgkpLfg==

jsbn@~0.1.0:
  version "0.1.1"
  resolved "https://registry.npmmirror.com/jsbn/-/jsbn-0.1.1.tgz#a5e654c2e5a2deb5f201d96cefbca80c0ef2f513"
  integrity sha512-UVU9dibq2JcFWxQPA6KCqj5O42VOmAY3zQUfEKxU0KpTGXwNoCjkX1e13eHNvw/xPynt6pU0rZ1htjWTNTSXsg==

json-schema-traverse@^0.4.1:
  version "0.4.1"
  resolved "https://registry.npmmirror.com/json-schema-traverse/-/json-schema-traverse-0.4.1.tgz#69f6a87d9513ab8bb8fe63bdb0979c448e684660"
  integrity sha512-xbbCH5dCYU5T8LcEhhuh7HJ88HXuW3qsI3Y0zOZFKfZEHcpWiHU/Jxzk629Brsab/mMiHQti9wMP+845RPe3Vg==

json-schema@0.4.0:
  version "0.4.0"
  resolved "https://registry.npmmirror.com/json-schema/-/json-schema-0.4.0.tgz#f7de4cf6efab838ebaeb3236474cbba5a1930ab5"
  integrity sha512-es94M3nTIfsEPisRafak+HDLfHXnKBhV3vU5eqPcS3flIWqcxJWgXHXiey3YrpaNsanY5ei1VoYEbOzijuq9BA==

json-stringify-safe@~5.0.1:
  version "5.0.1"
  resolved "https://registry.npmmirror.com/json-stringify-safe/-/json-stringify-safe-5.0.1.tgz#1296a2d58fd45f19a0f6ce01d65701e2c735b6eb"
  integrity sha512-ZClg6AaYvamvYEE82d3Iyd3vSSIjQ+odgjaTzRuO3s7toCdFKczob2i0zCh7JE8kWn17yvAWhUVxvqGwUalsRA==

jsprim@^1.2.2:
  version "1.4.2"
  resolved "https://registry.npmmirror.com/jsprim/-/jsprim-1.4.2.tgz#712c65533a15c878ba59e9ed5f0e26d5b77c5feb"
  integrity sha512-P2bSOMAc/ciLz6DzgjVlGJP9+BrJWu5UDGK70C2iweC5QBIeFf0ZXRvGjEj2uYgrY2MkAAhsSWHDWlFtEroZWw==
  dependencies:
    assert-plus "1.0.0"
    extsprintf "1.3.0"
    json-schema "0.4.0"
    verror "1.10.0"

just-compare@^1.3.0:
  version "1.5.1"
  resolved "https://registry.npmmirror.com/just-compare/-/just-compare-1.5.1.tgz#aed7e93e6bae9c3b69d79aea7805684132a0c0c5"
  integrity sha512-xDEEFHNIyJNmN4uo/2RVeUcay9THtN/5ka/iw98Y/gsa8w9KXZQuyaf5eFUY6VlntA2+G+bdPmdhqqTs7T+BRw==

just-compare@^2.3.0:
  version "2.3.0"
  resolved "https://registry.npmmirror.com/just-compare/-/just-compare-2.3.0.tgz#a2adcc1d1940536263275f5a1ef1298bcacfeda7"
  integrity sha512-6shoR7HDT+fzfL3gBahx1jZG3hWLrhPAf+l7nCwahDdT9XDtosB9kIF0ZrzUp5QY8dJWfQVr5rnsPqsbvflDzg==

lodash@^4.17.21:
  version "4.17.21"
  resolved "https://registry.npmmirror.com/lodash/-/lodash-4.17.21.tgz#679591c564c3bffaae8454cf0b3df370c3d6911c"
  integrity sha512-v2kDEe57lecTulaDIuNTPy3Ry4gLGJ6Z1O3vE1krgXZNrsQ+LFTGHVxVjcXPs17LhbZVGedAJv8XZ1tvj5FvSg==

luxon@^3.7.2:
  version "3.7.2"
  resolved "https://registry.npmmirror.com/luxon/-/luxon-3.7.2.tgz#d697e48f478553cca187a0f8436aff468e3ba0ba"
  integrity sha512-vtEhXh/gNjI9Yg1u4jX/0YVPMvxzHuGgCm6tC5kZyb08yjGWGnqAjGJvcXbqQR2P3MyMEFnRbpcdFS6PBcLqew==

malihu-custom-scrollbar-plugin@^3.1.5:
  version "3.1.5"
  resolved "https://registry.npmmirror.com/malihu-custom-scrollbar-plugin/-/malihu-custom-scrollbar-plugin-3.1.5.tgz#310cecc5e59415a1c29e9dfb5d2b6e01d66a29ef"
  integrity sha512-lwW3LgI+CNDMPnP4ED2la6oYxWMkCXlnhex+s2wuOLhFDFGnGmQuTQVdRK9bvDLpxs10sGlfErVufJy9ztfgJQ==
  dependencies:
    jquery-mousewheel ">=3.0.6"

mime-db@1.52.0:
  version "1.52.0"
  resolved "https://registry.npmmirror.com/mime-db/-/mime-db-1.52.0.tgz#bbabcdc02859f4987301c856e3387ce5ec43bf70"
  integrity sha512-sPU4uV7dYlvtWJxwwxHD0PuihVNiE7TyAbQ5SWxDCB9mUYvOgroQOwYQQOKPJ8CIbE+1ETVlOoK1UC2nU3gYvg==

mime-types@^2.1.12, mime-types@~2.1.19:
  version "2.1.35"
  resolved "https://registry.npmmirror.com/mime-types/-/mime-types-2.1.35.tgz#381a871b62a734450660ae3deee44813f70d959a"
  integrity sha512-ZDY+bPm5zTTF+YpCrAU9nK0UgICYPT0QtT1NZWFv4s++TNkcgVaT0g6+4R2uI4MjQjzysHB1zxuWL50hzaeXiw==
  dependencies:
    mime-db "1.52.0"

moment@^2.30.1:
  version "2.30.1"
  resolved "https://registry.npmmirror.com/moment/-/moment-2.30.1.tgz#f8c91c07b7a786e30c59926df530b4eac96974ae"
  integrity sha512-uEmtNhbDOrWPFS+hdjFCBfy9f2YoyzRpwcl+DqpC6taX21FzsTLQVbMV/W7PzNSX6x/bhC1zA3c2UQ5NzH6how==

moment@^2.9.0:
  version "2.29.4"
  resolved "https://registry.npmmirror.com/moment/-/moment-2.29.4.tgz#3dbe052889fe7c1b2ed966fcb3a77328964ef108"
  integrity sha512-5LC9SOxjSc2HF6vO2CyuTDNivEdoz2IvyJJGj6X8DJ0eFyfszE0QiEd+iXmBvUP3WHxSjFH/vIsA0EN00cgr8w==

oauth-sign@~0.9.0:
  version "0.9.0"
  resolved "https://registry.npmmirror.com/oauth-sign/-/oauth-sign-0.9.0.tgz#47a7b016baa68b5fa0ecf3dee08a85c679ac6455"
  integrity sha512-fexhUFFPTGV8ybAtSIGbV6gOkSv8UtRbDBnAyLQw4QPKkgNlsH2ByPGtMUqdWkos6YCRmAqViwgZrJc/mRDzZQ==

performance-now@^2.1.0:
  version "2.1.0"
  resolved "https://registry.npmmirror.com/performance-now/-/performance-now-2.1.0.tgz#6309f4e0e5fa913ec1c69307ae364b4b377c9e7b"
  integrity sha512-7EAHlyLHI56VEIdK57uwHdHKIaAGbnXPiw0yWbarQZOKaKpvUIgW0jWRVLiatnM+XXlSwsanIBH/hzGMJulMow==

psl@^1.1.28:
  version "1.15.0"
  resolved "https://registry.npmmirror.com/psl/-/psl-1.15.0.tgz#bdace31896f1d97cec6a79e8224898ce93d974c6"
  integrity sha512-JZd3gMVBAVQkSs6HdNZo9Sdo0LNcQeMNP3CozBJb3JYC/QUYZTnKxP+f8oWRX4rHP5EurWxqAHTSwUCjlNKa1w==
  dependencies:
    punycode "^2.3.1"

punycode@^2.1.0, punycode@^2.1.1, punycode@^2.3.1:
  version "2.3.1"
  resolved "https://registry.npmmirror.com/punycode/-/punycode-2.3.1.tgz#027422e2faec0b25e1549c3e1bd8309b9133b6e5"
  integrity sha512-vYt7UD1U9Wg6138shLtLOvdAu+8DsC/ilFtEVHcH+wydcSpNE20AfSOduf6MkRFahL5FY7X1oU7nKVZFtfq8Fg==

qs@~6.5.2:
  version "6.5.5"
  resolved "https://registry.npmmirror.com/qs/-/qs-6.5.5.tgz#7c9442fc3f1c58bb52ac57ad09db63ba68916395"
  integrity sha512-mzR4sElr1bfCaPJe7m8ilJ6ZXdDaGoObcYR0ZHSsktM/Lt21MVHj5De30GQH2eiZ1qGRTO7LCAzQsUeXTNexWQ==

request@^2.88.0:
  version "2.88.2"
  resolved "https://registry.npmmirror.com/request/-/request-2.88.2.tgz#d73c918731cb5a87da047e207234146f664d12b3"
  integrity sha512-MsvtOrfG9ZcrOwAW+Qi+F6HbD0CWXEh9ou77uOb7FM2WPhwT7smM833PzanhJLsgXjN89Ir6V2PczXNnMpwKhw==
  dependencies:
    aws-sign2 "~0.7.0"
    aws4 "^1.8.0"
    caseless "~0.12.0"
    combined-stream "~1.0.6"
    extend "~3.0.2"
    forever-agent "~0.6.1"
    form-data "~2.3.2"
    har-validator "~5.1.3"
    http-signature "~1.2.0"
    is-typedarray "~1.0.0"
    isstream "~0.1.2"
    json-stringify-safe "~5.0.1"
    mime-types "~2.1.19"
    oauth-sign "~0.9.0"
    performance-now "^2.1.0"
    qs "~6.5.2"
    safe-buffer "^5.1.2"
    tough-cookie "~2.5.0"
    tunnel-agent "^0.6.0"
    uuid "^3.3.2"

safe-buffer@^5.0.1, safe-buffer@^5.1.2:
  version "5.2.1"
  resolved "https://registry.npmmirror.com/safe-buffer/-/safe-buffer-5.2.1.tgz#1eaf9fa9bdb1fdd4ec75f58f9cdb4e6b7827eec6"
  integrity sha512-rp3So07KcdmmKbGvgaNxQSJr7bGVSVk5S9Eq1F+ppbRo70+YeaDxkw5Dd8NPN+GD6bjnYm2VuPuCXmpuYvmCXQ==

safer-buffer@^2.0.2, safer-buffer@^2.1.0, safer-buffer@~2.1.0:
  version "2.1.2"
  resolved "https://registry.npmmirror.com/safer-buffer/-/safer-buffer-2.1.2.tgz#44fa161b0187b9549dd84bb91802f9bd8385cd6a"
  integrity sha512-YZo3K82SD7Riyi0E1EQPojLz7kpepnSQI9IyPbHHg1XXXevb5dJI7tpyN2ADxGcQbHG7vcyRHk0cbwqcQriUtg==

select2@^4.0.13:
  version "4.0.13"
  resolved "https://registry.npmmirror.com/select2/-/select2-4.0.13.tgz#0dbe377df3f96167c4c1626033e924372d8ef44d"
  integrity sha512-1JeB87s6oN/TDxQQYCvS5EFoQyvV6eYMZZ0AeA4tdFDYWN3BAGZ8npr17UBFddU0lgAt3H0yjX3X6/ekOj1yjw==

sshpk@^1.7.0:
  version "1.18.0"
  resolved "https://registry.npmmirror.com/sshpk/-/sshpk-1.18.0.tgz#1663e55cddf4d688b86a46b77f0d5fe363aba028"
  integrity sha512-2p2KJZTSqQ/I3+HX42EpYOa2l3f8Erv8MWKsy2I9uf4wA7yFIkXRffYdsx86y6z4vHtV8u7g+pPlr8/4ouAxsQ==
  dependencies:
    asn1 "~0.2.3"
    assert-plus "^1.0.0"
    bcrypt-pbkdf "^1.0.0"
    dashdash "^1.12.0"
    ecc-jsbn "~0.1.1"
    getpass "^0.1.1"
    jsbn "~0.1.0"
    safer-buffer "^2.0.2"
    tweetnacl "~0.14.0"

sweetalert2@^11.23.0:
  version "11.26.10"
  resolved "https://registry.npmmirror.com/sweetalert2/-/sweetalert2-11.26.10.tgz#9022037a99bbc25957397d062d229a2470eca3d4"
  integrity sha512-l/aaL9WWbumBOaMvcs4aCKzyQwkQCplSmSGpJD7FuRcSDWZyr2OEDmtcSPj2/w3N2TC2xw48Vg5cL6IkUJnPlQ==

timeago@^1.6.7:
  version "1.6.7"
  resolved "https://registry.npmmirror.com/timeago/-/timeago-1.6.7.tgz#afd467c29a911e697fc22a81888c7c3022783cb5"
  integrity sha512-FikcjN98+ij0siKH4VO4dZ358PR3oDDq4Vdl1+sN9gWz1/+JXGr3uZbUShYH/hL7bMhcTpPbplJU5Tej4b4jbQ==
  dependencies:
    jquery ">=1.5.0 <4.0"

tough-cookie@~2.5.0:
  version "2.5.0"
  resolved "https://registry.npmmirror.com/tough-cookie/-/tough-cookie-2.5.0.tgz#cd9fb2a0aa1d5a12b473bd9fb96fa3dcff65ade2"
  integrity sha512-nlLsUzgm1kfLXSXfRZMc1KLAugd4hqJHDTvc2hDIwS3mZAfMEuMbc03SujMF+GEcpaX/qboeycw6iO8JwVv2+g==
  dependencies:
    psl "^1.1.28"
    punycode "^2.1.1"

tunnel-agent@^0.6.0:
  version "0.6.0"
  resolved "https://registry.npmmirror.com/tunnel-agent/-/tunnel-agent-0.6.0.tgz#27a5dea06b36b04a0a9966774b290868f0fc40fd"
  integrity sha512-McnNiV1l8RYeY8tBgEpuodCC1mLUdbSN+CYBL7kJsJNInOP8UjDDEwdk6Mw60vdLLrr5NHKZhMAOSrR2NZuQ+w==
  dependencies:
    safe-buffer "^5.0.1"

tweetnacl@^0.14.3, tweetnacl@~0.14.0:
  version "0.14.5"
  resolved "https://registry.npmmirror.com/tweetnacl/-/tweetnacl-0.14.5.tgz#5ae68177f192d4456269d108afa93ff8743f4f64"
  integrity sha512-KXXFFdAbFXY4geFIwoyNK+f5Z1b7swfXABfL7HXCmoIWMKU3dmS26672A4EeQtDzLKy7SXmfBu51JolvEKwtGA==

uri-js@^4.2.2:
  version "4.4.1"
  resolved "https://registry.npmmirror.com/uri-js/-/uri-js-4.4.1.tgz#9b1a52595225859e55f669d928f88c6c57f2a77e"
  integrity sha512-7rKUyy33Q1yc98pQ1DAmLtwX109F7TIfWlW1Ydo8Wl1ii1SeHieeh0HHfPeL2fMXK6z0s8ecKs9frCuLJvndBg==
  dependencies:
    punycode "^2.1.0"

uuid@^3.3.2:
  version "3.4.0"
  resolved "https://registry.npmmirror.com/uuid/-/uuid-3.4.0.tgz#b23e4358afa8a202fe7a100af1f5f883f02007ee"
  integrity sha512-HjSDRw6gZE5JMggctHBcjVak08+KEVhSIiDzFnT9S9aegmp85S/bReBVTb4QTFaRNptJ9kuYaNhnbNEOkbKb/A==

verror@1.10.0:
  version "1.10.0"
  resolved "https://registry.npmmirror.com/verror/-/verror-1.10.0.tgz#3a105ca17053af55d6e270c1f8288682e18da400"
  integrity sha512-ZZKSmDAEFOijERBLkmYfJ+vmk3w+7hOLYDNkRCuRuMJGEmqYNCNLyBBFwWKVMhfwaEF3WOd0Zlw86U/WC/+nYw==
  dependencies:
    assert-plus "^1.0.0"
    core-util-is "1.0.2"
    extsprintf "^1.2.0"

ws@^6.0.0:
  version "6.2.3"
  resolved "https://registry.npmmirror.com/ws/-/ws-6.2.3.tgz#ccc96e4add5fd6fedbc491903075c85c5a11d9ee"
  integrity sha512-jmTjYU0j60B+vHey6TfR3Z7RD61z/hmxBS3VMSGIrroOWXQEneK1zNuotOUrGyBHQj0yrpsLHPWtigEFd13ndA==
  dependencies:
    async-limiter "~1.0.0"
